
Microsoft Visual Studio Solution File, Format Version 12.00
# Visual Studio Version 16
VisualStudioVersion = 16.0.30611.23
MinimumVisualStudioVersion = 10.0.40219.1
Project("{FAE04EC0-301F-11D3-BF4B-00C04F79EFBC}") = "WpfHomework", "WpfHomework\WpfHomework.csproj", "{C6E0C352-D5FE-408E-97C1-F2FEAE9C02EB}"
EndProject
Global
	GlobalSection(SolutionConfigurationPlatforms) = preSolution
		Debug|Any CPU = Debug|Any CPU
		Release|Any CPU = Release|Any CPU
	EndGlobalSection
	GlobalSection(ProjectConfigurationPlatforms) = postSolution
		{C6E0C352-D5FE-408E-97C1-F2FEAE9C02EB}.Debug|Any CPU.ActiveCfg = Debug|Any CPU
		{C6E0C352-D5FE-408E-97C1-F2FEAE9C02EB}.Debug|Any CPU.Build.0 = Debug|Any CPU
		{C6E0C352-D5FE-408E-97C1-F2FEAE9C02EB}.Release|Any CPU.ActiveCfg = Release|Any CPU
		{C6E0C352-D5FE-408E-97C1-F2FEAE9C02EB}.Release|Any CPU.Build.0 = Release|Any CPU
	EndGlobalSection
	GlobalSection(SolutionProperties) = preSolution
		HideSolutionNode = FALSE
	EndGlobalSection
	GlobalSection(ExtensibilityGlobals) = postSolution
		SolutionGuid = {72D6A2FC-E432-4F2A-ABA2-7198930A551F}
	EndGlobalSection
EndGlobal
